{
  "name": "svg-map-generator",
  "version": "1.0.0",
  "lockfileVersion": 3,
  "requires": true,
  "packages": {
    "": {
      "name": "svg-map-generator",
      "version": "1.0.0",
      "license": "ISC",
      "dependencies": {
        "randomcolor": "^0.6.2",
        "simplify-js": "^1.2.4"
      }
    },
    "node_modules/randomcolor": {
      "version": "0.6.2",
      "resolved": "https://registry.npmjs.org/randomcolor/-/randomcolor-0.6.2.tgz",
      "integrity": "sha512-Mn6TbyYpFgwFuQ8KJKqf3bqqY9O1y37/0jgSK/61PUxV4QfIMv0+K2ioq8DfOjkBslcjwSzRfIDEXfzA9aCx7A=="
    },
    "node_modules/simplify-js": {
      "version": "1.2.4",
      "resolved": "https://registry.npmjs.org/simplify-js/-/simplify-js-1.2.4.tgz",
      "integrity": "sha512-vITfSlwt7h/oyrU42R83mtzFpwYk3+mkH9bOHqq/Qw6n8rtR7aE3NZQ5fbcyCUVVmuMJR6ynsAhOfK2qoah8Jg=="
    }
  }
}
